
Microsoft Visual Studio Solution File, Format Version 12.00
# Visual Studio Version 17
VisualStudioVersion = 17.4.33213.308
MinimumVisualStudioVersion = 10.0.40219.1
Project("{FAE04EC0-301F-11D3-BF4B-00C04F79EFBC}") = "DevCard", "DevCard\DevCard.csproj", "{B81C9095-FA82-45CD-9B77-EEC0E1AE6A43}"
EndProject
Global
	GlobalSection(SolutionConfigurationPlatforms) = preSolution
		Debug|Any CPU = Debug|Any CPU
		Release|Any CPU = Release|Any CPU
	EndGlobalSection
	GlobalSection(ProjectConfigurationPlatforms) = postSolution
		{B81C9095-FA82-45CD-9B77-EEC0E1AE6A43}.Debug|Any CPU.ActiveCfg = Debug|Any CPU
		{B81C9095-FA82-45CD-9B77-EEC0E1AE6A43}.Debug|Any CPU.Build.0 = Debug|Any CPU
		{B81C9095-FA82-45CD-9B77-EEC0E1AE6A43}.Release|Any CPU.ActiveCfg = Release|Any CPU
		{B81C9095-FA82-45CD-9B77-EEC0E1AE6A43}.Release|Any CPU.Build.0 = Release|Any CPU
	EndGlobalSection
	GlobalSection(SolutionProperties) = preSolution
		HideSolutionNode = FALSE
	EndGlobalSection
	GlobalSection(ExtensibilityGlobals) = postSolution
		SolutionGuid = {A362274B-4F14-4241-B27C-1D6509B3BE68}
	EndGlobalSection
EndGlobal
